
Microsoft Visual Studio Solution File, Format Version 12.00
# Visual Studio Version 16
VisualStudioVersion = 16.0.28803.156
MinimumVisualStudioVersion = 10.0.40219.1
Project("{FAE04EC0-301F-11D3-BF4B-00C04F79EFBC}") = "BsonInspector", "BsonInspector\BsonInspector.csproj", "{8DED365D-3058-4F5A-A61A-2EEFC6CF71E1}"
EndProject
Project("{FAE04EC0-301F-11D3-BF4B-00C04F79EFBC}") = "BsonInspector.Core", "BsonInspector.Core\BsonInspector.Core.csproj", "{7DE6759E-B8E5-4A8A-919E-D361709C652C}"
EndProject
Project("{FAE04EC0-301F-11D3-BF4B-00C04F79EFBC}") = "BsonInspector.Core.Tests", "BsonInspector.Core.Tests\BsonInspector.Core.Tests.csproj", "{215C6648-1783-4A06-8808-366AF23A8BE4}"
EndProject
Global
	GlobalSection(SolutionConfigurationPlatforms) = preSolution
		Debug|Any CPU = Debug|Any CPU
		Release|Any CPU = Release|Any CPU
	EndGlobalSection
	GlobalSection(ProjectConfigurationPlatforms) = postSolution
		{8DED365D-3058-4F5A-A61A-2EEFC6CF71E1}.Debug|Any CPU.ActiveCfg = Debug|Any CPU
		{8DED365D-3058-4F5A-A61A-2EEFC6CF71E1}.Debug|Any CPU.Build.0 = Debug|Any CPU
		{8DED365D-3058-4F5A-A61A-2EEFC6CF71E1}.Release|Any CPU.ActiveCfg = Release|Any CPU
		{8DED365D-3058-4F5A-A61A-2EEFC6CF71E1}.Release|Any CPU.Build.0 = Release|Any CPU
		{7DE6759E-B8E5-4A8A-919E-D361709C652C}.Debug|Any CPU.ActiveCfg = Debug|Any CPU
		{7DE6759E-B8E5-4A8A-919E-D361709C652C}.Debug|Any CPU.Build.0 = Debug|Any CPU
		{7DE6759E-B8E5-4A8A-919E-D361709C652C}.Release|Any CPU.ActiveCfg = Release|Any CPU
		{7DE6759E-B8E5-4A8A-919E-D361709C652C}.Release|Any CPU.Build.0 = Release|Any CPU
		{215C6648-1783-4A06-8808-366AF23A8BE4}.Debug|Any CPU.ActiveCfg = Debug|Any CPU
		{215C6648-1783-4A06-8808-366AF23A8BE4}.Debug|Any CPU.Build.0 = Debug|Any CPU
		{215C6648-1783-4A06-8808-366AF23A8BE4}.Release|Any CPU.ActiveCfg = Release|Any CPU
		{215C6648-1783-4A06-8808-366AF23A8BE4}.Release|Any CPU.Build.0 = Release|Any CPU
	EndGlobalSection
	GlobalSection(SolutionProperties) = preSolution
		HideSolutionNode = FALSE
	EndGlobalSection
	GlobalSection(ExtensibilityGlobals) = postSolution
		SolutionGuid = {CBBE6BF1-D9D8-401C-949D-FBC6C7A713AD}
	EndGlobalSection
EndGlobal
